
Microsoft Visual Studio Solution File, Format Version 12.00
# Visual Studio Version 16
VisualStudioVersion = 16.0.31911.196
MinimumVisualStudioVersion = 10.0.40219.1
Project("{FAE04EC0-301F-11D3-BF4B-00C04F79EFBC}") = "CoreMvcSystemMIS", "CoreMvcSystemMIS\CoreMvcSystemMIS.csproj", "{FD53E15C-6047-477E-BD01-55C7983336B7}"
EndProject
Global
	GlobalSection(SolutionConfigurationPlatforms) = preSolution
		Debug|Any CPU = Debug|Any CPU
		Release|Any CPU = Release|Any CPU
	EndGlobalSection
	GlobalSection(ProjectConfigurationPlatforms) = postSolution
		{FD53E15C-6047-477E-BD01-55C7983336B7}.Debug|Any CPU.ActiveCfg = Debug|Any CPU
		{FD53E15C-6047-477E-BD01-55C7983336B7}.Debug|Any CPU.Build.0 = Debug|Any CPU
		{FD53E15C-6047-477E-BD01-55C7983336B7}.Release|Any CPU.ActiveCfg = Release|Any CPU
		{FD53E15C-6047-477E-BD01-55C7983336B7}.Release|Any CPU.Build.0 = Release|Any CPU
	EndGlobalSection
	GlobalSection(SolutionProperties) = preSolution
		HideSolutionNode = FALSE
	EndGlobalSection
	GlobalSection(ExtensibilityGlobals) = postSolution
		SolutionGuid = {3A067BC8-0D3B-4318-B7C9-72B1A7C7096C}
	EndGlobalSection
EndGlobal
